
Microsoft Visual Studio Solution File, Format Version 12.00
Project("{2150E333-8FDC-42A3-9474-1A3956D46DE8}") = "src", "src", "{C2DC428C-33ED-4F7B-B0E0-7F472F0B251E}"
EndProject
Project("{2150E333-8FDC-42A3-9474-1A3956D46DE8}") = "Applications", "Applications", "{80247845-DD1C-4CD9-B07A-C892A35709E7}"
EndProject
Project("{2150E333-8FDC-42A3-9474-1A3956D46DE8}") = "Libraries", "Libraries", "{B60673CB-F94A-4631-B408-6FEBF08CDDEE}"
EndProject
Project("{FAE04EC0-301F-11D3-BF4B-00C04F79EFBC}") = "WeStock.Blazor.Server", "Applications\WeStock.Blazor.Server\WeStock.Blazor.Server.csproj", "{5E3EF532-8098-4506-9F17-0BC52B24246B}"
EndProject
Project("{FAE04EC0-301F-11D3-BF4B-00C04F79EFBC}") = "WeStock.DAL.EFCore", "Libraries\WeStock.DAL.EFCore\WeStock.DAL.EFCore.csproj", "{B4593369-FEFA-4AE0-8294-01D18006B6E7}"
EndProject
Project("{FAE04EC0-301F-11D3-BF4B-00C04F79EFBC}") = "WeStock.DAL.InMemory", "Libraries\WeStock.DAL.InMemory\WeStock.DAL.InMemory.csproj", "{861D093D-0353-4052-93DA-65EB2FA6A540}"
EndProject
Project("{FAE04EC0-301F-11D3-BF4B-00C04F79EFBC}") = "WeStock.SL", "Libraries\WeStock.SL\WeStock.SL.csproj", "{55EF3171-41FB-45AD-BB4C-8D4DAB384CF8}"
EndProject
Project("{FAE04EC0-301F-11D3-BF4B-00C04F79EFBC}") = "WeStock.DTO", "Libraries\WeStock.DTO\WeStock.DTO.csproj", "{7ACC203D-BA1D-46E3-8CE3-769A55DD84E8}"
EndProject
Project("{FAE04EC0-301F-11D3-BF4B-00C04F79EFBC}") = "WeStock.BLL.InMemory", "Libraries\WeStock.BLL.InMemory\WeStock.BLL.InMemory.csproj", "{EE059430-B539-46E9-9718-6C176444E606}"
EndProject
Project("{FAE04EC0-301F-11D3-BF4B-00C04F79EFBC}") = "WeStock.Blazor.Components", "Libraries\WeStock.Blazor.Components\WeStock.Blazor.Components.csproj", "{79BF1418-F2EF-426E-BECE-DF2E911C92D5}"
EndProject
Project("{FAE04EC0-301F-11D3-BF4B-00C04F79EFBC}") = "WeStock.DAL.Shared", "Libraries\WeStock.DAL.Shared\WeStock.DAL.Shared.csproj", "{4B00555E-453B-4EDB-9C95-B4EAD812F462}"
EndProject
Project("{FAE04EC0-301F-11D3-BF4B-00C04F79EFBC}") = "WeStock.BLL.EFCore", "Libraries\WeStock.BLL.EFCore\WeStock.BLL.EFCore.csproj", "{A3CA81F7-EEDF-45C3-8231-1A8981E4E236}"
EndProject
Project("{FAE04EC0-301F-11D3-BF4B-00C04F79EFBC}") = "WeStock.BLL.Shared", "Libraries\WeStock.BLL.Shared\WeStock.BLL.Shared.csproj", "{9232BC37-D4AB-4258-AA79-30F4A4EF2744}"
EndProject
Global
	GlobalSection(SolutionConfigurationPlatforms) = preSolution
		Debug|Any CPU = Debug|Any CPU
		Release|Any CPU = Release|Any CPU
	EndGlobalSection
	GlobalSection(ProjectConfigurationPlatforms) = postSolution
		{5E3EF532-8098-4506-9F17-0BC52B24246B}.Debug|Any CPU.ActiveCfg = Debug|Any CPU
		{5E3EF532-8098-4506-9F17-0BC52B24246B}.Debug|Any CPU.Build.0 = Debug|Any CPU
		{5E3EF532-8098-4506-9F17-0BC52B24246B}.Release|Any CPU.ActiveCfg = Release|Any CPU
		{5E3EF532-8098-4506-9F17-0BC52B24246B}.Release|Any CPU.Build.0 = Release|Any CPU
		{B4593369-FEFA-4AE0-8294-01D18006B6E7}.Debug|Any CPU.ActiveCfg = Debug|Any CPU
		{B4593369-FEFA-4AE0-8294-01D18006B6E7}.Debug|Any CPU.Build.0 = Debug|Any CPU
		{B4593369-FEFA-4AE0-8294-01D18006B6E7}.Release|Any CPU.ActiveCfg = Release|Any CPU
		{B4593369-FEFA-4AE0-8294-01D18006B6E7}.Release|Any CPU.Build.0 = Release|Any CPU
		{861D093D-0353-4052-93DA-65EB2FA6A540}.Debug|Any CPU.ActiveCfg = Debug|Any CPU
		{861D093D-0353-4052-93DA-65EB2FA6A540}.Debug|Any CPU.Build.0 = Debug|Any CPU
		{861D093D-0353-4052-93DA-65EB2FA6A540}.Release|Any CPU.ActiveCfg = Release|Any CPU
		{861D093D-0353-4052-93DA-65EB2FA6A540}.Release|Any CPU.Build.0 = Release|Any CPU
		{55EF3171-41FB-45AD-BB4C-8D4DAB384CF8}.Debug|Any CPU.ActiveCfg = Debug|Any CPU
		{55EF3171-41FB-45AD-BB4C-8D4DAB384CF8}.Debug|Any CPU.Build.0 = Debug|Any CPU
		{55EF3171-41FB-45AD-BB4C-8D4DAB384CF8}.Release|Any CPU.ActiveCfg = Release|Any CPU
		{55EF3171-41FB-45AD-BB4C-8D4DAB384CF8}.Release|Any CPU.Build.0 = Release|Any CPU
		{7ACC203D-BA1D-46E3-8CE3-769A55DD84E8}.Debug|Any CPU.ActiveCfg = Debug|Any CPU
		{7ACC203D-BA1D-46E3-8CE3-769A55DD84E8}.Debug|Any CPU.Build.0 = Debug|Any CPU
		{7ACC203D-BA1D-46E3-8CE3-769A55DD84E8}.Release|Any CPU.ActiveCfg = Release|Any CPU
		{7ACC203D-BA1D-46E3-8CE3-769A55DD84E8}.Release|Any CPU.Build.0 = Release|Any CPU
		{EE059430-B539-46E9-9718-6C176444E606}.Debug|Any CPU.ActiveCfg = Debug|Any CPU
		{EE059430-B539-46E9-9718-6C176444E606}.Debug|Any CPU.Build.0 = Debug|Any CPU
		{EE059430-B539-46E9-9718-6C176444E606}.Release|Any CPU.ActiveCfg = Release|Any CPU
		{EE059430-B539-46E9-9718-6C176444E606}.Release|Any CPU.Build.0 = Release|Any CPU
		{79BF1418-F2EF-426E-BECE-DF2E911C92D5}.Debug|Any CPU.ActiveCfg = Debug|Any CPU
		{79BF1418-F2EF-426E-BECE-DF2E911C92D5}.Debug|Any CPU.Build.0 = Debug|Any CPU
		{79BF1418-F2EF-426E-BECE-DF2E911C92D5}.Release|Any CPU.ActiveCfg = Release|Any CPU
		{79BF1418-F2EF-426E-BECE-DF2E911C92D5}.Release|Any CPU.Build.0 = Release|Any CPU
		{4B00555E-453B-4EDB-9C95-B4EAD812F462}.Debug|Any CPU.ActiveCfg = Debug|Any CPU
		{4B00555E-453B-4EDB-9C95-B4EAD812F462}.Debug|Any CPU.Build.0 = Debug|Any CPU
		{4B00555E-453B-4EDB-9C95-B4EAD812F462}.Release|Any CPU.ActiveCfg = Release|Any CPU
		{4B00555E-453B-4EDB-9C95-B4EAD812F462}.Release|Any CPU.Build.0 = Release|Any CPU
		{A3CA81F7-EEDF-45C3-8231-1A8981E4E236}.Debug|Any CPU.ActiveCfg = Debug|Any CPU
		{A3CA81F7-EEDF-45C3-8231-1A8981E4E236}.Debug|Any CPU.Build.0 = Debug|Any CPU
		{A3CA81F7-EEDF-45C3-8231-1A8981E4E236}.Release|Any CPU.ActiveCfg = Release|Any CPU
		{A3CA81F7-EEDF-45C3-8231-1A8981E4E236}.Release|Any CPU.Build.0 = Release|Any CPU
		{9232BC37-D4AB-4258-AA79-30F4A4EF2744}.Debug|Any CPU.ActiveCfg = Debug|Any CPU
		{9232BC37-D4AB-4258-AA79-30F4A4EF2744}.Debug|Any CPU.Build.0 = Debug|Any CPU
		{9232BC37-D4AB-4258-AA79-30F4A4EF2744}.Release|Any CPU.ActiveCfg = Release|Any CPU
		{9232BC37-D4AB-4258-AA79-30F4A4EF2744}.Release|Any CPU.Build.0 = Release|Any CPU
	EndGlobalSection
	GlobalSection(NestedProjects) = preSolution
		{80247845-DD1C-4CD9-B07A-C892A35709E7} = {C2DC428C-33ED-4F7B-B0E0-7F472F0B251E}
		{B60673CB-F94A-4631-B408-6FEBF08CDDEE} = {C2DC428C-33ED-4F7B-B0E0-7F472F0B251E}
		{5E3EF532-8098-4506-9F17-0BC52B24246B} = {80247845-DD1C-4CD9-B07A-C892A35709E7}
		{B4593369-FEFA-4AE0-8294-01D18006B6E7} = {B60673CB-F94A-4631-B408-6FEBF08CDDEE}
		{861D093D-0353-4052-93DA-65EB2FA6A540} = {B60673CB-F94A-4631-B408-6FEBF08CDDEE}
		{55EF3171-41FB-45AD-BB4C-8D4DAB384CF8} = {B60673CB-F94A-4631-B408-6FEBF08CDDEE}
		{7ACC203D-BA1D-46E3-8CE3-769A55DD84E8} = {B60673CB-F94A-4631-B408-6FEBF08CDDEE}
		{EE059430-B539-46E9-9718-6C176444E606} = {B60673CB-F94A-4631-B408-6FEBF08CDDEE}
		{79BF1418-F2EF-426E-BECE-DF2E911C92D5} = {B60673CB-F94A-4631-B408-6FEBF08CDDEE}
		{4B00555E-453B-4EDB-9C95-B4EAD812F462} = {B60673CB-F94A-4631-B408-6FEBF08CDDEE}
		{A3CA81F7-EEDF-45C3-8231-1A8981E4E236} = {B60673CB-F94A-4631-B408-6FEBF08CDDEE}
		{9232BC37-D4AB-4258-AA79-30F4A4EF2744} = {B60673CB-F94A-4631-B408-6FEBF08CDDEE}
	EndGlobalSection
EndGlobal
